
Microsoft Visual Studio Solution File, Format Version 12.00
# Visual Studio Version 16
VisualStudioVersion = 16.0.31025.218
MinimumVisualStudioVersion = 10.0.40219.1
Project("{9A19103F-16F7-4668-BE54-9A1E7A4F7556}") = "Test", "Test\Test.csproj", "{DDF4B1B1-ED2C-4799-BCFB-3C1F13084952}"
EndProject
Project("{9A19103F-16F7-4668-BE54-9A1E7A4F7556}") = "RemoteExecuter", "RemoteExecuter\RemoteExecuter.csproj", "{77E7F7E6-0190-43E1-ABB2-DB3CE460BB3A}"
EndProject
Project("{9A19103F-16F7-4668-BE54-9A1E7A4F7556}") = "Gui", "REMTS\Gui.csproj", "{DD8140FF-E176-4609-A71B-20F51F8E61B6}"
EndProject
Global
	GlobalSection(SolutionConfigurationPlatforms) = preSolution
		Debug|Any CPU = Debug|Any CPU
		Debug|ARM = Debug|ARM
		Debug|ARM64 = Debug|ARM64
		Debug|x64 = Debug|x64
		Debug|x86 = Debug|x86
		Release|Any CPU = Release|Any CPU
		Release|ARM = Release|ARM
		Release|ARM64 = Release|ARM64
		Release|x64 = Release|x64
		Release|x86 = Release|x86
	EndGlobalSection
	GlobalSection(ProjectConfigurationPlatforms) = postSolution
		{DDF4B1B1-ED2C-4799-BCFB-3C1F13084952}.Debug|Any CPU.ActiveCfg = Debug|Any CPU
		{DDF4B1B1-ED2C-4799-BCFB-3C1F13084952}.Debug|Any CPU.Build.0 = Debug|Any CPU
		{DDF4B1B1-ED2C-4799-BCFB-3C1F13084952}.Debug|ARM.ActiveCfg = Debug|Any CPU
		{DDF4B1B1-ED2C-4799-BCFB-3C1F13084952}.Debug|ARM.Build.0 = Debug|Any CPU
		{DDF4B1B1-ED2C-4799-BCFB-3C1F13084952}.Debug|ARM64.ActiveCfg = Debug|Any CPU
		{DDF4B1B1-ED2C-4799-BCFB-3C1F13084952}.Debug|ARM64.Build.0 = Debug|Any CPU
		{DDF4B1B1-ED2C-4799-BCFB-3C1F13084952}.Debug|x64.ActiveCfg = Debug|Any CPU
		{DDF4B1B1-ED2C-4799-BCFB-3C1F13084952}.Debug|x64.Build.0 = Debug|Any CPU
		{DDF4B1B1-ED2C-4799-BCFB-3C1F13084952}.Debug|x86.ActiveCfg = Debug|Any CPU
		{DDF4B1B1-ED2C-4799-BCFB-3C1F13084952}.Debug|x86.Build.0 = Debug|Any CPU
		{DDF4B1B1-ED2C-4799-BCFB-3C1F13084952}.Release|Any CPU.ActiveCfg = Release|Any CPU
		{DDF4B1B1-ED2C-4799-BCFB-3C1F13084952}.Release|Any CPU.Build.0 = Release|Any CPU
		{DDF4B1B1-ED2C-4799-BCFB-3C1F13084952}.Release|ARM.ActiveCfg = Release|Any CPU
		{DDF4B1B1-ED2C-4799-BCFB-3C1F13084952}.Release|ARM.Build.0 = Release|Any CPU
		{DDF4B1B1-ED2C-4799-BCFB-3C1F13084952}.Release|ARM64.ActiveCfg = Release|Any CPU
		{DDF4B1B1-ED2C-4799-BCFB-3C1F13084952}.Release|ARM64.Build.0 = Release|Any CPU
		{DDF4B1B1-ED2C-4799-BCFB-3C1F13084952}.Release|x64.ActiveCfg = Release|Any CPU
		{DDF4B1B1-ED2C-4799-BCFB-3C1F13084952}.Release|x64.Build.0 = Release|Any CPU
		{DDF4B1B1-ED2C-4799-BCFB-3C1F13084952}.Release|x86.ActiveCfg = Release|Any CPU
		{DDF4B1B1-ED2C-4799-BCFB-3C1F13084952}.Release|x86.Build.0 = Release|Any CPU
		{77E7F7E6-0190-43E1-ABB2-DB3CE460BB3A}.Debug|Any CPU.ActiveCfg = Debug|Any CPU
		{77E7F7E6-0190-43E1-ABB2-DB3CE460BB3A}.Debug|Any CPU.Build.0 = Debug|Any CPU
		{77E7F7E6-0190-43E1-ABB2-DB3CE460BB3A}.Debug|ARM.ActiveCfg = Debug|Any CPU
		{77E7F7E6-0190-43E1-ABB2-DB3CE460BB3A}.Debug|ARM.Build.0 = Debug|Any CPU
		{77E7F7E6-0190-43E1-ABB2-DB3CE460BB3A}.Debug|ARM64.ActiveCfg = Debug|Any CPU
		{77E7F7E6-0190-43E1-ABB2-DB3CE460BB3A}.Debug|ARM64.Build.0 = Debug|Any CPU
		{77E7F7E6-0190-43E1-ABB2-DB3CE460BB3A}.Debug|x64.ActiveCfg = Debug|Any CPU
		{77E7F7E6-0190-43E1-ABB2-DB3CE460BB3A}.Debug|x64.Build.0 = Debug|Any CPU
		{77E7F7E6-0190-43E1-ABB2-DB3CE460BB3A}.Debug|x86.ActiveCfg = Debug|Any CPU
		{77E7F7E6-0190-43E1-ABB2-DB3CE460BB3A}.Debug|x86.Build.0 = Debug|Any CPU
		{77E7F7E6-0190-43E1-ABB2-DB3CE460BB3A}.Release|Any CPU.ActiveCfg = Release|Any CPU
		{77E7F7E6-0190-43E1-ABB2-DB3CE460BB3A}.Release|Any CPU.Build.0 = Release|Any CPU
		{DD8140FF-E176-4609-A71B-20F51F8E61B6}.Debug|Any CPU.ActiveCfg = Debug|Any CPU
		{DD8140FF-E176-4609-A71B-20F51F8E61B6}.Debug|Any CPU.Build.0 = Debug|Any CPU
		{DD8140FF-E176-4609-A71B-20F51F8E61B6}.Release|Any CPU.ActiveCfg = Release|Any CPU
		{DD8140FF-E176-4609-A71B-20F51F8E61B6}.Release|Any CPU.Build.0 = Release|Any CPU
	EndGlobalSection
	GlobalSection(SolutionProperties) = preSolution
		HideSolutionNode = FALSE
	EndGlobalSection
	GlobalSection(ExtensibilityGlobals) = postSolution
		SolutionGuid = {3EEE370A-9D0C-4802-AFCB-C1F2574BE6CA}
	EndGlobalSection
EndGlobal
